
Microsoft Visual Studio Solution File, Format Version 12.00
# Visual Studio 15
VisualStudioVersion = 15.0.27004.2005
MinimumVisualStudioVersion = 10.0.40219.1
Project("{FAE04EC0-301F-11D3-BF4B-00C04F79EFBC}") = "ApiSony", "ApiSony\ApiSony.csproj", "{3E06DA68-A2A3-4191-A3D1-1EA07D2CDDF7}"
EndProject
Global
	GlobalSection(SolutionConfigurationPlatforms) = preSolution
		Debug|Any CPU = Debug|Any CPU
		Release|Any CPU = Release|Any CPU
	EndGlobalSection
	GlobalSection(ProjectConfigurationPlatforms) = postSolution
		{3E06DA68-A2A3-4191-A3D1-1EA07D2CDDF7}.Debug|Any CPU.ActiveCfg = Debug|Any CPU
		{3E06DA68-A2A3-4191-A3D1-1EA07D2CDDF7}.Debug|Any CPU.Build.0 = Debug|Any CPU
		{3E06DA68-A2A3-4191-A3D1-1EA07D2CDDF7}.Release|Any CPU.ActiveCfg = Release|Any CPU
		{3E06DA68-A2A3-4191-A3D1-1EA07D2CDDF7}.Release|Any CPU.Build.0 = Release|Any CPU
	EndGlobalSection
	GlobalSection(SolutionProperties) = preSolution
		HideSolutionNode = FALSE
	EndGlobalSection
	GlobalSection(ExtensibilityGlobals) = postSolution
		SolutionGuid = {0FE82EC5-B268-49E7-A5CD-8218E230AB31}
	EndGlobalSection
EndGlobal
